
Microsoft Visual Studio Solution File, Format Version 12.00
# Visual Studio Version 17
VisualStudioVersion = 17.9.34723.18
MinimumVisualStudioVersion = 10.0.40219.1
Project("{FAE04EC0-301F-11D3-BF4B-00C04F79EFBC}") = "MiniBankingSystem.API", "MiniBankingSystem.API\MiniBankingSystem.API.csproj", "{DED20965-7584-4DDC-AD98-8A6F4309152A}"
EndProject
Global
	GlobalSection(SolutionConfigurationPlatforms) = preSolution
		Debug|Any CPU = Debug|Any CPU
		Release|Any CPU = Release|Any CPU
	EndGlobalSection
	GlobalSection(ProjectConfigurationPlatforms) = postSolution
		{DED20965-7584-4DDC-AD98-8A6F4309152A}.Debug|Any CPU.ActiveCfg = Debug|Any CPU
		{DED20965-7584-4DDC-AD98-8A6F4309152A}.Debug|Any CPU.Build.0 = Debug|Any CPU
		{DED20965-7584-4DDC-AD98-8A6F4309152A}.Release|Any CPU.ActiveCfg = Release|Any CPU
		{DED20965-7584-4DDC-AD98-8A6F4309152A}.Release|Any CPU.Build.0 = Release|Any CPU
	EndGlobalSection
	GlobalSection(SolutionProperties) = preSolution
		HideSolutionNode = FALSE
	EndGlobalSection
	GlobalSection(ExtensibilityGlobals) = postSolution
		SolutionGuid = {7CEE029C-1FF3-4CAE-B8C9-1A4E07F34607}
	EndGlobalSection
EndGlobal
